
Microsoft Visual Studio Solution File, Format Version 12.00
# Visual Studio Version 17
VisualStudioVersion = 17.12.35521.163 d17.12
MinimumVisualStudioVersion = 10.0.40219.1
Project("{2150E333-8FDC-42A3-9474-1A3956D46DE8}") = "Core", "Core", "{A9728A5F-CDB1-4CD7-BE2D-57781503DA4E}"
EndProject
Project("{FAE04EC0-301F-11D3-BF4B-00C04F79EFBC}") = "CarBook.Domain", "Core\CarBook.Domain\CarBook.Domain.csproj", "{6F3E0DDA-6155-42D9-B357-A49E6D85483E}"
EndProject
Project("{2150E333-8FDC-42A3-9474-1A3956D46DE8}") = "Infrastructure", "Infrastructure", "{C3B1E402-FBC6-41D1-B06C-ACD61F9F2801}"
EndProject
Project("{FAE04EC0-301F-11D3-BF4B-00C04F79EFBC}") = "CarBook.Persistence", "Infrastructure\CarBook.Persistence\CarBook.Persistence.csproj", "{E09DA798-CD76-4DDB-BECE-2546DCB7FA74}"
EndProject
Project("{2150E333-8FDC-42A3-9474-1A3956D46DE8}") = "Presentation", "Presentation", "{C1F20955-965B-4638-B442-5FBC17B47565}"
EndProject
Project("{FAE04EC0-301F-11D3-BF4B-00C04F79EFBC}") = "CarBook.WebApi", "Presentation\CarBook.WebApi\CarBook.WebApi.csproj", "{715290F8-8D0F-4277-BFEE-F6776590BDDD}"
EndProject
Project("{FAE04EC0-301F-11D3-BF4B-00C04F79EFBC}") = "CarBook.Application", "Core\CarBook.Application\CarBook.Application.csproj", "{D5F0A25C-18E9-490C-B191-1D9E09719B52}"
EndProject
Global
	GlobalSection(SolutionConfigurationPlatforms) = preSolution
		Debug|Any CPU = Debug|Any CPU
		Release|Any CPU = Release|Any CPU
	EndGlobalSection
	GlobalSection(ProjectConfigurationPlatforms) = postSolution
		{6F3E0DDA-6155-42D9-B357-A49E6D85483E}.Debug|Any CPU.ActiveCfg = Debug|Any CPU
		{6F3E0DDA-6155-42D9-B357-A49E6D85483E}.Debug|Any CPU.Build.0 = Debug|Any CPU
		{6F3E0DDA-6155-42D9-B357-A49E6D85483E}.Release|Any CPU.ActiveCfg = Release|Any CPU
		{6F3E0DDA-6155-42D9-B357-A49E6D85483E}.Release|Any CPU.Build.0 = Release|Any CPU
		{E09DA798-CD76-4DDB-BECE-2546DCB7FA74}.Debug|Any CPU.ActiveCfg = Debug|Any CPU
		{E09DA798-CD76-4DDB-BECE-2546DCB7FA74}.Debug|Any CPU.Build.0 = Debug|Any CPU
		{E09DA798-CD76-4DDB-BECE-2546DCB7FA74}.Release|Any CPU.ActiveCfg = Release|Any CPU
		{E09DA798-CD76-4DDB-BECE-2546DCB7FA74}.Release|Any CPU.Build.0 = Release|Any CPU
		{715290F8-8D0F-4277-BFEE-F6776590BDDD}.Debug|Any CPU.ActiveCfg = Debug|Any CPU
		{715290F8-8D0F-4277-BFEE-F6776590BDDD}.Debug|Any CPU.Build.0 = Debug|Any CPU
		{715290F8-8D0F-4277-BFEE-F6776590BDDD}.Release|Any CPU.ActiveCfg = Release|Any CPU
		{715290F8-8D0F-4277-BFEE-F6776590BDDD}.Release|Any CPU.Build.0 = Release|Any CPU
		{D5F0A25C-18E9-490C-B191-1D9E09719B52}.Debug|Any CPU.ActiveCfg = Debug|Any CPU
		{D5F0A25C-18E9-490C-B191-1D9E09719B52}.Debug|Any CPU.Build.0 = Debug|Any CPU
		{D5F0A25C-18E9-490C-B191-1D9E09719B52}.Release|Any CPU.ActiveCfg = Release|Any CPU
		{D5F0A25C-18E9-490C-B191-1D9E09719B52}.Release|Any CPU.Build.0 = Release|Any CPU
	EndGlobalSection
	GlobalSection(SolutionProperties) = preSolution
		HideSolutionNode = FALSE
	EndGlobalSection
	GlobalSection(NestedProjects) = preSolution
		{6F3E0DDA-6155-42D9-B357-A49E6D85483E} = {A9728A5F-CDB1-4CD7-BE2D-57781503DA4E}
		{E09DA798-CD76-4DDB-BECE-2546DCB7FA74} = {C3B1E402-FBC6-41D1-B06C-ACD61F9F2801}
		{715290F8-8D0F-4277-BFEE-F6776590BDDD} = {C1F20955-965B-4638-B442-5FBC17B47565}
		{D5F0A25C-18E9-490C-B191-1D9E09719B52} = {A9728A5F-CDB1-4CD7-BE2D-57781503DA4E}
	EndGlobalSection
EndGlobal
